{
  "name": "fjsx-cssinjs-fela",
  "version": "1.0.0",
  "lockfileVersion": 1,
  "requires": true,
  "dependencies": {
    "css-in-js-utils": {
      "version": "2.0.0",
      "resolved": "https://registry.npmjs.org/css-in-js-utils/-/css-in-js-utils-2.0.0.tgz",
      "integrity": "sha512-yuWmPMD9FLi50Xf3k8W8oO3WM1eVnxEGCldCLyfusQ+CgivFk0s23yst4ooW6tfxMuSa03S6uUEga9UhX6GRrA==",
      "requires": {
        "hyphenate-style-name": "1.0.2"
      }
    },
    "fast-loops": {
      "version": "1.0.0",
      "resolved": "https://registry.npmjs.org/fast-loops/-/fast-loops-1.0.0.tgz",
      "integrity": "sha512-h+nt0+hK+JRbSoGpl8oTwRlbBN0j6rFLfXSIPS5QuGnJ48NSu+0Fwa/NmhVswHord6C1yXbp/Ga0ynvivYeY3A=="
    },
    "fela": {
      "version": "6.1.7",
      "resolved": "https://registry.npmjs.org/fela/-/fela-6.1.7.tgz",
      "integrity": "sha1-voLkbXM3RSoUPmUEMUyAFbmpUS0=",
      "requires": {
        "css-in-js-utils": "2.0.0",
        "fast-loops": "1.0.0",
        "fela-utils": "8.0.6",
        "isobject": "3.0.1"
      }
    },
    "fela-dom": {
      "version": "7.0.7",
      "resolved": "https://registry.npmjs.org/fela-dom/-/fela-dom-7.0.7.tgz",
      "integrity": "sha1-0SxMvT8b6P5vQjxXLc4Uh9sXIb0=",
      "requires": {
        "css-in-js-utils": "2.0.0",
        "fast-loops": "1.0.0",
        "fela-utils": "8.0.6"
      }
    },
    "fela-utils": {
      "version": "8.0.6",
      "resolved": "https://registry.npmjs.org/fela-utils/-/fela-utils-8.0.6.tgz",
      "integrity": "sha1-+Iu/JvXWvO1SOJ/Kyaj6S+gsCTM=",
      "requires": {
        "css-in-js-utils": "2.0.0",
        "fast-loops": "1.0.0",
        "string-hash": "1.1.3"
      }
    },
    "hyphenate-style-name": {
      "version": "1.0.2",
      "resolved": "https://registry.npmjs.org/hyphenate-style-name/-/hyphenate-style-name-1.0.2.tgz",
      "integrity": "sha1-MRYKNpMK2vH8BMYHT360FGXU7Es="
    },
    "isobject": {
      "version": "3.0.1",
      "resolved": "https://registry.npmjs.org/isobject/-/isobject-3.0.1.tgz",
      "integrity": "sha1-TkMekrEalzFjaqH5yNHMvP2reN8="
    },
    "string-hash": {
      "version": "1.1.3",
      "resolved": "https://registry.npmjs.org/string-hash/-/string-hash-1.1.3.tgz",
      "integrity": "sha1-6Kr8CsGFW0Zmkp7X3RJ1311sgRs="
    }
  }
}
