{
  "name": "@fjsx/router",
  "version": "0.0.1",
  "lockfileVersion": 1,
  "requires": true,
  "dependencies": {
    "route-recognizer": {
      "version": "0.3.3",
      "resolved": "https://registry.npmjs.org/route-recognizer/-/route-recognizer-0.3.3.tgz",
      "integrity": "sha1-HTZeJ/ppleCRZ199yUCowANTvSk="
    }
  }
}
